{
  "name": "pip-roomz",
  "version": "0.0.0",
  "lockfileVersion": 1,
  "requires": true,
  "dependencies": {
    "easy-ngx-google-analytics": {
      "version": "1.0.5",
      "resolved": "https://registry.npmjs.org/easy-ngx-google-analytics/-/easy-ngx-google-analytics-1.0.5.tgz",
      "integrity": "sha1-GnivJg7jbuJHO6x9XLOm6t5A7PM=",
      "requires": {
        "@angular/common": "4.4.5",
        "@angular/core": "4.4.7",
        "@angular/platform-browser": "4.4.5",
        "@angular/router": "4.4.7",
        "rxjs": "5.5.10",
        "zone.js": "0.8.26"
      },
      "dependencies": {
        "@angular/common": {
          "version": "4.4.5",
          "resolved": "https://registry.npmjs.org/@angular/common/-/common-4.4.5.tgz",
          "integrity": "sha1-vVF53JIq2/TD6m37Gec8uEn/3Dc=",
          "requires": {
            "tslib": "1.9.0"
          }
        },
        "@angular/core": {
          "version": "4.4.7",
          "resolved": "https://registry.npmjs.org/@angular/core/-/core-4.4.7.tgz",
          "integrity": "sha512-Jxs6gNTl5KjXflg5vi5rlnokq1johFccN94qSOgDv+Mg1iuGF2i9p7EHkw3Y8jBCVaSLw1qgHE+wMb6KTlJDLA==",
          "requires": {
            "tslib": "1.9.0"
          }
        },
        "@angular/platform-browser": {
          "version": "4.4.5",
          "resolved": "https://registry.npmjs.org/@angular/platform-browser/-/platform-browser-4.4.5.tgz",
          "integrity": "sha1-dOuRwLdYEm8m1T7lbHz0ZovZysU=",
          "requires": {
            "tslib": "1.9.0"
          }
        },
        "@angular/router": {
          "version": "4.4.7",
          "resolved": "https://registry.npmjs.org/@angular/router/-/router-4.4.7.tgz",
          "integrity": "sha512-WaVnBP41UdrUwReSUgB5YE6C37PrYFSaiFAoPRTx4RC0jeRE+ncFWwessVIh0kvfEK4ROkO3QK2BtLzMUY5GNg==",
          "requires": {
            "tslib": "1.9.0"
          }
        },
        "rxjs": {
          "version": "5.5.10",
          "resolved": "https://registry.npmjs.org/rxjs/-/rxjs-5.5.10.tgz",
          "integrity": "sha512-SRjimIDUHJkon+2hFo7xnvNC4ZEHGzCRwh9P7nzX3zPkCGFEg/tuElrNR7L/rZMagnK2JeH2jQwPRpmyXyLB6A==",
          "requires": {
            "symbol-observable": "1.0.1"
          }
        },
        "zone.js": {
          "version": "0.8.26",
          "resolved": "https://registry.npmjs.org/zone.js/-/zone.js-0.8.26.tgz",
          "integrity": "sha512-W9Nj+UmBJG251wkCacIkETgra4QgBo/vgoEkb4a2uoLzpQG7qF9nzwoLXWU5xj3Fg2mxGvEDh47mg24vXccYjA=="
        }
      }
    },
    "symbol-observable": {
      "version": "1.0.1",
      "resolved": "https://registry.npmjs.org/symbol-observable/-/symbol-observable-1.0.1.tgz",
      "integrity": "sha1-g0D8RwLDEi310iKI+IKD9RPT/dQ="
    },
    "tslib": {
      "version": "1.9.0",
      "resolved": "https://registry.npmjs.org/tslib/-/tslib-1.9.0.tgz",
      "integrity": "sha512-f/qGG2tUkrISBlQZEjEqoZ3B2+npJjIf04H1wuAv9iA8i04Icp+61KRXxFdha22670NJopsZCIjhC3SnjPRKrQ=="
    }
  }
}
